
Microsoft Visual Studio Solution File, Format Version 12.00
# Visual Studio Version 17
VisualStudioVersion = 17.1.32328.378
MinimumVisualStudioVersion = 10.0.40219.1
Project("{9A19103F-16F7-4668-BE54-9A1E7A4F7556}") = "RecipeCrawler.Web", "RecipeCrawler.Web\RecipeCrawler.Web.csproj", "{D99D9D63-88A6-48EB-A257-93B01D4C38CE}"
EndProject
Project("{9A19103F-16F7-4668-BE54-9A1E7A4F7556}") = "RecipeCrawler.Core", "RecipeCrawler.Core\RecipeCrawler.Core.csproj", "{5D07CC0A-2508-4D16-A98C-2A1C657200FC}"
EndProject
Project("{9A19103F-16F7-4668-BE54-9A1E7A4F7556}") = "RecipeCrawler.Data", "RecipeCrawler.Data\RecipeCrawler.Data.csproj", "{F49D5F7E-7840-4BDA-85FE-D8DE2F5992E7}"
EndProject
Project("{9A19103F-16F7-4668-BE54-9A1E7A4F7556}") = "RecipeCrawler.Entities", "RecipeCrawler.Entities\RecipeCrawler.Entities.csproj", "{6285CD37-5596-451C-B58E-A61E62AB851A}"
EndProject
Project("{FAE04EC0-301F-11D3-BF4B-00C04F79EFBC}") = "RecipeCrawler.DatabaseMigrator", "RecipeCrawler.DatabaseMigrator\RecipeCrawler.DatabaseMigrator.csproj", "{AB54E4DA-B622-4688-BA29-1319E419F28E}"
EndProject
Global
	GlobalSection(SolutionConfigurationPlatforms) = preSolution
		Debug|Any CPU = Debug|Any CPU
		Release|Any CPU = Release|Any CPU
	EndGlobalSection
	GlobalSection(ProjectConfigurationPlatforms) = postSolution
		{D99D9D63-88A6-48EB-A257-93B01D4C38CE}.Debug|Any CPU.ActiveCfg = Debug|Any CPU
		{D99D9D63-88A6-48EB-A257-93B01D4C38CE}.Debug|Any CPU.Build.0 = Debug|Any CPU
		{D99D9D63-88A6-48EB-A257-93B01D4C38CE}.Release|Any CPU.ActiveCfg = Release|Any CPU
		{D99D9D63-88A6-48EB-A257-93B01D4C38CE}.Release|Any CPU.Build.0 = Release|Any CPU
		{5D07CC0A-2508-4D16-A98C-2A1C657200FC}.Debug|Any CPU.ActiveCfg = Debug|Any CPU
		{5D07CC0A-2508-4D16-A98C-2A1C657200FC}.Debug|Any CPU.Build.0 = Debug|Any CPU
		{5D07CC0A-2508-4D16-A98C-2A1C657200FC}.Release|Any CPU.ActiveCfg = Release|Any CPU
		{5D07CC0A-2508-4D16-A98C-2A1C657200FC}.Release|Any CPU.Build.0 = Release|Any CPU
		{F49D5F7E-7840-4BDA-85FE-D8DE2F5992E7}.Debug|Any CPU.ActiveCfg = Debug|Any CPU
		{F49D5F7E-7840-4BDA-85FE-D8DE2F5992E7}.Debug|Any CPU.Build.0 = Debug|Any CPU
		{F49D5F7E-7840-4BDA-85FE-D8DE2F5992E7}.Release|Any CPU.ActiveCfg = Release|Any CPU
		{F49D5F7E-7840-4BDA-85FE-D8DE2F5992E7}.Release|Any CPU.Build.0 = Release|Any CPU
		{6285CD37-5596-451C-B58E-A61E62AB851A}.Debug|Any CPU.ActiveCfg = Debug|Any CPU
		{6285CD37-5596-451C-B58E-A61E62AB851A}.Debug|Any CPU.Build.0 = Debug|Any CPU
		{6285CD37-5596-451C-B58E-A61E62AB851A}.Release|Any CPU.ActiveCfg = Release|Any CPU
		{6285CD37-5596-451C-B58E-A61E62AB851A}.Release|Any CPU.Build.0 = Release|Any CPU
		{AB54E4DA-B622-4688-BA29-1319E419F28E}.Debug|Any CPU.ActiveCfg = Debug|Any CPU
		{AB54E4DA-B622-4688-BA29-1319E419F28E}.Debug|Any CPU.Build.0 = Debug|Any CPU
		{AB54E4DA-B622-4688-BA29-1319E419F28E}.Release|Any CPU.ActiveCfg = Release|Any CPU
		{AB54E4DA-B622-4688-BA29-1319E419F28E}.Release|Any CPU.Build.0 = Release|Any CPU
	EndGlobalSection
	GlobalSection(SolutionProperties) = preSolution
		HideSolutionNode = FALSE
	EndGlobalSection
	GlobalSection(ExtensibilityGlobals) = postSolution
		SolutionGuid = {EF88225F-9368-43D1-81C5-9F23BF98AF0E}
	EndGlobalSection
EndGlobal
