
Microsoft Visual Studio Solution File, Format Version 12.00
# Visual Studio Version 16
VisualStudioVersion = 16.0.30114.105
MinimumVisualStudioVersion = 10.0.40219.1
Project("{FAE04EC0-301F-11D3-BF4B-00C04F79EFBC}") = "RecipeCrawler.Web", "RecipeCrawler.Web\RecipeCrawler.Web.csproj", "{D99D9D63-88A6-48EB-A257-93B01D4C38CE}"
EndProject
Global
	GlobalSection(SolutionConfigurationPlatforms) = preSolution
		Debug|Any CPU = Debug|Any CPU
		Release|Any CPU = Release|Any CPU
	EndGlobalSection
	GlobalSection(SolutionProperties) = preSolution
		HideSolutionNode = FALSE
	EndGlobalSection
	GlobalSection(ProjectConfigurationPlatforms) = postSolution
		{D99D9D63-88A6-48EB-A257-93B01D4C38CE}.Debug|Any CPU.ActiveCfg = Debug|Any CPU
		{D99D9D63-88A6-48EB-A257-93B01D4C38CE}.Debug|Any CPU.Build.0 = Debug|Any CPU
		{D99D9D63-88A6-48EB-A257-93B01D4C38CE}.Release|Any CPU.ActiveCfg = Release|Any CPU
		{D99D9D63-88A6-48EB-A257-93B01D4C38CE}.Release|Any CPU.Build.0 = Release|Any CPU
	EndGlobalSection
EndGlobal
